PODS:
  - Alamofire (5.6.1)
  - DropDown (2.3.13)
  - Firebase/CoreOnly (8.15.0):
    - FirebaseCore (= 8.15.0)
  - Firebase/Messaging (8.15.0):
    - Firebase/CoreOnly
    - FirebaseMessaging (~> 8.15.0)
  - FirebaseCore (8.15.0):
    - FirebaseCoreDiagnostics (~> 8.0)
    - GoogleUtilities/Environment (~> 7.7)
    - GoogleUtilities/Logger (~> 7.7)
  - FirebaseCoreDiagnostics (8.15.0):
    - GoogleDataTransport (~> 9.1)
    - GoogleUtilities/Environment (~> 7.7)
    - GoogleUtilities/Logger (~> 7.7)
    - nanopb (~> 2.30908.0)
  - FirebaseInstallations (8.15.0):
    - FirebaseCore (~> 8.0)
    - GoogleUtilities/Environment (~> 7.7)
    - GoogleUtilities/UserDefaults (~> 7.7)
    - PromisesObjC (< 3.0, >= 1.2)
  - FirebaseMessaging (8.15.0):
    - FirebaseCore (~> 8.0)
    - FirebaseInstallations (~> 8.0)
    - GoogleDataTransport (~> 9.1)
    - GoogleUtilities/AppDelegateSwizzler (~> 7.7)
    - GoogleUtilities/Environment (~> 7.7)
    - GoogleUtilities/Reachability (~> 7.7)
    - GoogleUtilities/UserDefaults (~> 7.7)
    - nanopb (~> 2.30908.0)
  - FSCalendar (2.8.2)
  - GoogleDataTransport (9.1.2):
    - GoogleUtilities/Environment (~> 7.2)
    - nanopb (~> 2.30908.0)
    - PromisesObjC (< 3.0, >= 1.2)
  - GoogleUtilities/AppDelegateSwizzler (7.7.0):
    - GoogleUtilities/Environment
    - GoogleUtilities/Logger
    - GoogleUtilities/Network
  - GoogleUtilities/Environment (7.7.0):
    - PromisesObjC (< 3.0, >= 1.2)
  - GoogleUtilities/Logger (7.7.0):
    - GoogleUtilities/Environment
  - GoogleUtilities/Network (7.7.0):
    - GoogleUtilities/Logger
    - "GoogleUtilities/NSData+zlib"
    - GoogleUtilities/Reachability
  - "GoogleUtilities/NSData+zlib (7.7.0)"
  - GoogleUtilities/Reachability (7.7.0):
    - GoogleUtilities/Logger
  - GoogleUtilities/UserDefaults (7.7.0):
    - GoogleUtilities/Logger
  - KakaoSDK (2.9.1):
    - KakaoSDKAuth (= 2.9.1)
    - KakaoSDKCommon (= 2.9.1)
    - KakaoSDKLink (= 2.9.1)
    - KakaoSDKNavi (= 2.9.1)
    - KakaoSDKStory (= 2.9.1)
    - KakaoSDKTalk (= 2.9.1)
    - KakaoSDKTemplate (= 2.9.1)
    - KakaoSDKUser (= 2.9.1)
  - KakaoSDKAuth (2.9.1):
    - KakaoSDKCommon (= 2.9.1)
  - KakaoSDKCommon (2.9.1):
    - KakaoSDKCommon/Common (= 2.9.1)
    - KakaoSDKCommon/Network (= 2.9.1)
  - KakaoSDKCommon/Common (2.9.1)
  - KakaoSDKCommon/Network (2.9.1):
    - Alamofire (~> 5.1)
    - KakaoSDKCommon/Common (= 2.9.1)
  - KakaoSDKLink (2.9.1):
    - KakaoSDKCommon (= 2.9.1)
    - KakaoSDKTemplate (= 2.9.1)
  - KakaoSDKNavi (2.9.1):
    - KakaoSDKCommon/Common (= 2.9.1)
  - KakaoSDKStory (2.9.1):
    - KakaoSDKUser (= 2.9.1)
  - KakaoSDKTalk (2.9.1):
    - KakaoSDKTemplate (= 2.9.1)
    - KakaoSDKUser (= 2.9.1)
  - KakaoSDKTemplate (2.9.1):
    - KakaoSDKCommon/Common (= 2.9.1)
  - KakaoSDKUser (2.9.1):
    - KakaoSDKAuth (= 2.9.1)
  - Kingfisher (7.2.1)
  - nanopb (2.30908.0):
    - nanopb/decode (= 2.30908.0)
    - nanopb/encode (= 2.30908.0)
  - nanopb/decode (2.30908.0)
  - nanopb/encode (2.30908.0)
  - naveridlogin-sdk-ios (4.1.3)
  - PromisesObjC (2.1.0)
  - RxCocoa (6.5.0):
    - RxRelay (= 6.5.0)
    - RxSwift (= 6.5.0)
  - RxRelay (6.5.0):
    - RxSwift (= 6.5.0)
  - RxSwift (6.5.0)
  - SwiftKeychainWrapper (4.0.1)

DEPENDENCIES:
  - Alamofire
  - DropDown
  - Firebase/Messaging
  - FSCalendar
  - KakaoSDK
  - Kingfisher (~> 7.0)
  - naveridlogin-sdk-ios
  - RxCocoa
  - RxSwift
  - SwiftKeychainWrapper

SPEC REPOS:
  trunk:
    - Alamofire
    - DropDown
    - Firebase
    - FirebaseCore
    - FirebaseCoreDiagnostics
    - FirebaseInstallations
    - FirebaseMessaging
    - FSCalendar
    - GoogleDataTransport
    - GoogleUtilities
    - KakaoSDK
    - KakaoSDKAuth
    - KakaoSDKCommon
    - KakaoSDKLink
    - KakaoSDKNavi
    - KakaoSDKStory
    - KakaoSDKTalk
    - KakaoSDKTemplate
    - KakaoSDKUser
    - Kingfisher
    - nanopb
    - naveridlogin-sdk-ios
    - PromisesObjC
    - RxCocoa
    - RxRelay
    - RxSwift
    - SwiftKeychainWrapper

SPEC CHECKSUMS:
<<<<<<< HEAD
  Alamofire: 1c4fb5369c3fe93d2857c780d8bbe09f06f97e7c
  Firebase: 44213362f1dcc52555b935dc925ed35ac55f1b20
  FirebaseCore: 04186597c095da37d90ff9fd3e53bc61a1ff2440
  FirebaseCoreDiagnostics: 56fb7216d87e0e6ec2feddefa9d8a392fe8b2c18
  FirebaseInstallations: 830327b45345ffc859eaa9c17bcd5ae893fd5425
  FirebaseMessaging: b0aeba17332ee1ee610662b4d1e02a86db82f08f
  FSCalendar: e6a2eb9c571bf0719ed797ef807e08426753c241
=======
  Alamofire: 87bd8c952f9a4454320fce00d9cc3de57bcadaf5
  DropDown: 8a2116376c1981888557f72ec2ffc9a5e0e456ec
  Firebase: 5f8193dff4b5b7c5d5ef72ae54bb76c08e2b841d
  FirebaseCore: 5743c5785c074a794d35f2fff7ecc254a91e08b1
  FirebaseCoreDiagnostics: 92e07a649aeb66352b319d43bdd2ee3942af84cb
  FirebaseInstallations: 40bd9054049b2eae9a2c38ef1c3dd213df3605cd
  FirebaseMessaging: 5e5118a2383b3531e730d974680954c679ca0a13
>>>>>>> feature_Home
  GoogleDataTransport: 629c20a4d363167143f30ea78320d5a7eb8bd940
  GoogleUtilities: e0913149f6b0625b553d70dae12b49fc62914fd1
  KakaoSDK: 863b75c045a01065faf1dd67393b62dfe2b4ce3a
  KakaoSDKAuth: 8ec514e64f57f405735e92483fdae1cc2830d351
  KakaoSDKCommon: c4b08131fdba6770a280ffe83916048174f329bf
  KakaoSDKLink: d138ac61dc3103d15f5b3ceafae9a29073b04bd4
  KakaoSDKNavi: 2bf83faa1a841467d7f398c714652cb5b0e22611
  KakaoSDKStory: 423a381e0e9686c2b4e3058f0fc62befa4bc73bd
  KakaoSDKTalk: b4ba0628c770e1781307296b1ccaabec34327799
  KakaoSDKTemplate: 816a1c24855b30f1ad337e754963c8b17ad5053d
  KakaoSDKUser: 3b82c8f4b7bdd8584b296cf91d1be4b4a84102fb
  Kingfisher: 7c084bebf7d548c623ad41bcf765fb200efed369
  nanopb: a0ba3315591a9ae0a16a309ee504766e90db0c96
  naveridlogin-sdk-ios: b9d7c20677981177ed994ecb1c8c2b49f223277d
  PromisesObjC: 99b6f43f9e1044bd87a95a60beff28c2c44ddb72
  RxCocoa: 94f817b71c07517321eb4f9ad299112ca8af743b
  RxRelay: 1de1523e604c72b6c68feadedd1af3b1b4d0ecbd
  RxSwift: 5710a9e6b17f3c3d6e40d6e559b9fa1e813b2ef8
  SwiftKeychainWrapper: 807ba1d63c33a7d0613288512399cd1eda1e470c

<<<<<<< HEAD
PODFILE CHECKSUM: 8b700e66712a7d445ddecab8c502b2710f589d94

COCOAPODS: 1.11.2
=======
PODFILE CHECKSUM: 6bf8745939143e051f21d297a597d4bbceb800a5

COCOAPODS: 1.11.3
>>>>>>> feature_Home
